
Microsoft Visual Studio Solution File, Format Version 12.00
# Visual Studio Version 17
VisualStudioVersion = 17.7.34202.233
MinimumVisualStudioVersion = 10.0.40219.1
Project("{FAE04EC0-301F-11D3-BF4B-00C04F79EFBC}") = "itogovoe_gibdd", "itogovoe_gibdd\itogovoe_gibdd.csproj", "{946CE6D4-6D33-4B99-BE1F-0C1FFC06C53E}"
EndProject
Global
	GlobalSection(SolutionConfigurationPlatforms) = preSolution
		Debug|Any CPU = Debug|Any CPU
		Release|Any CPU = Release|Any CPU
	EndGlobalSection
	GlobalSection(ProjectConfigurationPlatforms) = postSolution
		{946CE6D4-6D33-4B99-BE1F-0C1FFC06C53E}.Debug|Any CPU.ActiveCfg = Debug|Any CPU
		{946CE6D4-6D33-4B99-BE1F-0C1FFC06C53E}.Debug|Any CPU.Build.0 = Debug|Any CPU
		{946CE6D4-6D33-4B99-BE1F-0C1FFC06C53E}.Release|Any CPU.ActiveCfg = Release|Any CPU
		{946CE6D4-6D33-4B99-BE1F-0C1FFC06C53E}.Release|Any CPU.Build.0 = Release|Any CPU
	EndGlobalSection
	GlobalSection(SolutionProperties) = preSolution
		HideSolutionNode = FALSE
	EndGlobalSection
	GlobalSection(ExtensibilityGlobals) = postSolution
		SolutionGuid = {52129449-099B-4033-85A1-8C9663A6038C}
	EndGlobalSection
EndGlobal
